
Microsoft Visual Studio Solution File, Format Version 12.00
# Visual Studio Version 17
VisualStudioVersion = 17.6.33723.286
MinimumVisualStudioVersion = 10.0.40219.1
Project("{FAE04EC0-301F-11D3-BF4B-00C04F79EFBC}") = "BuildApp", "BuildApp\BuildApp.csproj", "{0AD5C0C8-C440-4636-ACCF-97CDF821ABFA}"
EndProject
Global
	GlobalSection(SolutionConfigurationPlatforms) = preSolution
		Debug|Any CPU = Debug|Any CPU
		Release|Any CPU = Release|Any CPU
	EndGlobalSection
	GlobalSection(ProjectConfigurationPlatforms) = postSolution
		{0AD5C0C8-C440-4636-ACCF-97CDF821ABFA}.Debug|Any CPU.ActiveCfg = Debug|Any CPU
		{0AD5C0C8-C440-4636-ACCF-97CDF821ABFA}.Debug|Any CPU.Build.0 = Debug|Any CPU
		{0AD5C0C8-C440-4636-ACCF-97CDF821ABFA}.Release|Any CPU.ActiveCfg = Release|Any CPU
		{0AD5C0C8-C440-4636-ACCF-97CDF821ABFA}.Release|Any CPU.Build.0 = Release|Any CPU
	EndGlobalSection
	GlobalSection(SolutionProperties) = preSolution
		HideSolutionNode = FALSE
	EndGlobalSection
	GlobalSection(ExtensibilityGlobals) = postSolution
		SolutionGuid = {DA5537BD-83CB-40DA-860A-8A323F67E58B}
	EndGlobalSection
EndGlobal
